// !$*UTF8*$!
{
	archiveVersion = 1;
	classes = {
	};
	objectVersion = 48;
	objects = {

/* Begin PBXBuildFile section */
		CAC4AFA21F9593A9009B20C8 /* AppDelegate.swift in Sources */ = {isa = PBXBuildFile; fileRef = CAC4AFA11F9593A9009B20C8 /* AppDelegate.swift */; };
		CAC4AFA41F9593A9009B20C8 /* ViewController.swift in Sources */ = {isa = PBXBuildFile; fileRef = CAC4AFA31F9593A9009B20C8 /* ViewController.swift */; };
		CAC4AFA71F9593A9009B20C8 /* Main.storyboard in Resources */ = {isa = PBXBuildFile; fileRef = CAC4AFA51F9593A9009B20C8 /* Main.storyboard */; };
		CAC4AFA91F9593A9009B20C8 /* Assets.xcassets in Resources */ = {isa = PBXBuildFile; fileRef = CAC4AFA81F9593A9009B20C8 /* Assets.xcassets */; };
		CAC4AFAC1F9593A9009B20C8 /* LaunchScreen.storyboard in Resources */ = {isa = PBXBuildFile; fileRef = CAC4AFAA1F9593A9009B20C8 /* LaunchScreen.storyboard */; };
		CAC4AFB91F959444009B20C8 /* BetterButton.framework in Frameworks */ = {isa = PBXBuildFile; fileRef = CAC4AFB81F95943C009B20C8 /* BetterButton.framework */; };
		CAC4AFBA1F959444009B20C8 /* BetterButton.framework in Embed Frameworks */ = {isa = PBXBuildFile; fileRef = CAC4AFB81F95943C009B20C8 /* BetterButton.framework */; settings = {ATTRIBUTES = (CodeSignOnCopy, RemoveHeadersOnCopy, ); }; };
/* End PBXBuildFile section */

/* Begin PBXContainerItemProxy section */
		CAC4AFB71F95943C009B20C8 /* PBXContainerItemProxy */ = {
			isa = PBXContainerItemProxy;
			containerPortal = CAC4AFB31F95943C009B20C8 /* BetterButton.xcodeproj */;
			proxyType = 2;
			remoteGlobalIDString = CA32D3DD1F9591DA00A0CB22;
			remoteInfo = BetterButton;
		};
		CAC4AFBB1F959444009B20C8 /* PBXContainerItemProxy */ = {
			isa = PBXContainerItemProxy;
			containerPortal = CAC4AFB31F95943C009B20C8 /* BetterButton.xcodeproj */;
			proxyType = 1;
			remoteGlobalIDString = CA32D3DC1F9591DA00A0CB22;
			remoteInfo = BetterButton;
		};
/* End PBXContainerItemProxy section */

/* Begin PBXCopyFilesBuildPhase section */
		CAC4AFBD1F959444009B20C8 /* Embed Frameworks */ = {
			isa = PBXCopyFilesBuildPhase;
			buildActionMask = 2147483647;
			dstPath = "";
			dstSubfolderSpec = 10;
			files = (
				CAC4AFBA1F959444009B20C8 /* BetterButton.framework in Embed Frameworks */,
			);
			name = "Embed Frameworks";
			runOnlyForDeploymentPostprocessing = 0;
		};
/* End PBXCopyFilesBuildPhase section */

/* Begin PBXFileReference section */
		CAC4AF9E1F9593A9009B20C8 /* BetterButtonDemo.app */ = {isa = PBXFileReference; explicitFileType = wrapper.application; includeInIndex = 0; path = BetterButtonDemo.app; sourceTree = BUILT_PRODUCTS_DIR; };
		CAC4AFA11F9593A9009B20C8 /* AppDelegate.swift */ = {isa = PBXFileReference; lastKnownFileType = sourcecode.swift; path = AppDelegate.swift; sourceTree = "<group>"; };
		CAC4AFA31F9593A9009B20C8 /* ViewController.swift */ = {isa = PBXFileReference; lastKnownFileType = sourcecode.swift; path = ViewController.swift; sourceTree = "<group>"; };
		CAC4AFA61F9593A9009B20C8 /* Base */ = {isa = PBXFileReference; lastKnownFileType = file.storyboard; name = Base; path = Base.lproj/Main.storyboard; sourceTree = "<group>"; };
		CAC4AFA81F9593A9009B20C8 /* Assets.xcassets */ = {isa = PBXFileReference; lastKnownFileType = folder.assetcatalog; path = Assets.xcassets; sourceTree = "<group>"; };
		CAC4AFAB1F9593A9009B20C8 /* Base */ = {isa = PBXFileReference; lastKnownFileType = file.storyboard; name = Base; path = Base.lproj/LaunchScreen.storyboard; sourceTree = "<group>"; };
		CAC4AFAD1F9593A9009B20C8 /* Info.plist */ = {isa = PBXFileReference; lastKnownFileType = text.plist.xml; path = Info.plist; sourceTree = "<group>"; };
		CAC4AFB31F95943C009B20C8 /* BetterButton.xcodeproj */ = {isa = PBXFileReference; lastKnownFileType = "wrapper.pb-project"; name = BetterButton.xcodeproj; path = ../BetterButton.xcodeproj; sourceTree = "<group>"; };
/* End PBXFileReference section */

/* Begin PBXFrameworksBuildPhase section */
		CAC4AF9B1F9593A9009B20C8 /* Frameworks */ = {
			isa = PBXFrameworksBuildPhase;
			buildActionMask = 2147483647;
			files = (
				CAC4AFB91F959444009B20C8 /* BetterButton.framework in Frameworks */,
			);
			runOnlyForDeploymentPostprocessing = 0;
		};
/* End PBXFrameworksBuildPhase section */

/* Begin PBXGroup section */
		CAC4AF951F9593A9009B20C8 = {
			isa = PBXGroup;
			children = (
				CAC4AFB31F95943C009B20C8 /* BetterButton.xcodeproj */,
				CAC4AFA01F9593A9009B20C8 /* BetterButtonDemo */,
				CAC4AF9F1F9593A9009B20C8 /* Products */,
			);
			sourceTree = "<group>";
		};
		CAC4AF9F1F9593A9009B20C8 /* Products */ = {
			isa = PBXGroup;
			children = (
				CAC4AF9E1F9593A9009B20C8 /* BetterButtonDemo.app */,
			);
			name = Products;
			sourceTree = "<group>";
		};
		CAC4AFA01F9593A9009B20C8 /* BetterButtonDemo */ = {
			isa = PBXGroup;
			children = (
				CAC4AFA11F9593A9009B20C8 /* AppDelegate.swift */,
				CAC4AFA31F9593A9009B20C8 /* ViewController.swift */,
				CAC4AFA51F9593A9009B20C8 /* Main.storyboard */,
				CAC4AFA81F9593A9009B20C8 /* Assets.xcassets */,
				CAC4AFAA1F9593A9009B20C8 /* LaunchScreen.storyboard */,
				CAC4AFAD1F9593A9009B20C8 /* Info.plist */,
			);
			path = BetterButtonDemo;
			sourceTree = "<group>";
		};
		CAC4AFB41F95943C009B20C8 /* Products */ = {
			isa = PBXGroup;
			children = (
				CAC4AFB81F95943C009B20C8 /* BetterButton.framework */,
			);
			name = Products;
			sourceTree = "<group>";
		};
/* End PBXGroup section */

/* Begin PBXNativeTarget section */
		CAC4AF9D1F9593A9009B20C8 /* BetterButtonDemo */ = {
			isa = PBXNativeTarget;
			buildConfigurationList = CAC4AFB01F9593A9009B20C8 /* Build configuration list for PBXNativeTarget "BetterButtonDemo" */;
			buildPhases = (
				CAC4AF9A1F9593A9009B20C8 /* Sources */,
				CAC4AF9B1F9593A9009B20C8 /* Frameworks */,
				CAC4AF9C1F9593A9009B20C8 /* Resources */,
				CAC4AFBD1F959444009B20C8 /* Embed Frameworks */,
			);
			buildRules = (
			);
			dependencies = (
				CAC4AFBC1F959444009B20C8 /* PBXTargetDependency */,
			);
			name = BetterButtonDemo;
			productName = BetterButtonDemo;
			productReference = CAC4AF9E1F9593A9009B20C8 /* BetterButtonDemo.app */;
			productType = "com.apple.product-type.application";
		};
/* End PBXNativeTarget section */

/* Begin PBXProject section */
		CAC4AF961F9593A9009B20C8 /* Project object */ = {
			isa = PBXProject;
			attributes = {
				LastSwiftUpdateCheck = 0900;
				LastUpgradeCheck = 0900;
				ORGANIZATIONNAME = "Brandon Danis";
				TargetAttributes = {
					CAC4AF9D1F9593A9009B20C8 = {
						CreatedOnToolsVersion = 9.0;
						ProvisioningStyle = Automatic;
					};
				};
			};
			buildConfigurationList = CAC4AF991F9593A9009B20C8 /* Build configuration list for PBXProject "BetterButtonDemo" */;
			compatibilityVersion = "Xcode 8.0";
			developmentRegion = en;
			hasScannedForEncodings = 0;
			knownRegions = (
				en,
				Base,
			);
			mainGroup = CAC4AF951F9593A9009B20C8;
			productRefGroup = CAC4AF9F1F9593A9009B20C8 /* Products */;
			projectDirPath = "";
			projectReferences = (
				{
					ProductGroup = CAC4AFB41F95943C009B20C8 /* Products */;
					ProjectRef = CAC4AFB31F95943C009B20C8 /* BetterButton.xcodeproj */;
				},
			);
			projectRoot = "";
			targets = (
				CAC4AF9D1F9593A9009B20C8 /* BetterButtonDemo */,
			);
		};
/* End PBXProject section */

/* Begin PBXReferenceProxy section */
		CAC4AFB81F95943C009B20C8 /* BetterButton.framework */ = {
			isa = PBXReferenceProxy;
			fileType = wrapper.framework;
			path = BetterButton.framework;
			remoteRef = CAC4AFB71F95943C009B20C8 /* PBXContainerItemProxy */;
			sourceTree = BUILT_PRODUCTS_DIR;
		};
/* End PBXReferenceProxy section */

/* Begin PBXResourcesBuildPhase section */
		CAC4AF9C1F9593A9009B20C8 /* Resources */ = {
			isa = PBXResourcesBuildPhase;
			buildActionMask = 2147483647;
			files = (
				CAC4AFAC1F9593A9009B20C8 /* LaunchScreen.storyboard in Resources */,
				CAC4AFA91F9593A9009B20C8 /* Assets.xcassets in Resources */,
				CAC4AFA71F9593A9009B20C8 /* Main.storyboard in Resources */,
			);
			runOnlyForDeploymentPostprocessing = 0;
		};
/* End PBXResourcesBuildPhase section */

/* Begin PBXSourcesBuildPhase section */
		CAC4AF9A1F9593A9009B20C8 /* Sources */ = {
			isa = PBXSourcesBuildPhase;
			buildActionMask = 2147483647;
			files = (
				CAC4AFA41F9593A9009B20C8 /* ViewController.swift in Sources */,
				CAC4AFA21F9593A9009B20C8 /* AppDelegate.swift in Sources */,
			);
			runOnlyForDeploymentPostprocessing = 0;
		};
/* End PBXSourcesBuildPhase section */

/* Begin PBXTargetDependency section */
		CAC4AFBC1F959444009B20C8 /* PBXTargetDependency */ = {
			isa = PBXTargetDependency;
			name = BetterButton;
			targetProxy = CAC4AFBB1F959444009B20C8 /* PBXContainerItemProxy */;
		};
/* End PBXTargetDependency section */

/* Begin PBXVariantGroup section */
		CAC4AFA51F9593A9009B20C8 /* Main.storyboard */ = {
			isa = PBXVariantGroup;
			children = (
				CAC4AFA61F9593A9009B20C8 /* Base */,
			);
			name = Main.storyboard;
			sourceTree = "<group>";
		};
		CAC4AFAA1F9593A9009B20C8 /* LaunchScreen.storyboard */ = {
			isa = PBXVariantGroup;
			children = (
				CAC4AFAB1F9593A9009B20C8 /* Base */,
			);
			name = LaunchScreen.storyboard;
			sourceTree = "<group>";
		};
/* End PBXVariantGroup section */

/* Begin XCBuildConfiguration section */
		CAC4AFAE1F9593A9009B20C8 /* Debug */ = {
			isa = XCBuildConfiguration;
			buildSettings = {
				ALWAYS_SEARCH_USER_PATHS = NO;
				CLANG_ANALYZER_NONNULL = YES;
				CLANG_ANALYZER_NUMBER_OBJECT_CONVERSION = YES_AGGRESSIVE;
				CLANG_CXX_LANGUAGE_STANDARD = "gnu++14";
				CLANG_CXX_LIBRARY = "libc++";
				CLANG_ENABLE_MODULES = YES;
				CLANG_ENABLE_OBJC_ARC = YES;
				CLANG_WARN_BLOCK_CAPTURE_AUTORELEASING = YES;
				CLANG_WARN_BOOL_CONVERSION = YES;
				CLANG_WARN_COMMA = YES;
				CLANG_WARN_CONSTANT_CONVERSION = YES;
				CLANG_WARN_DIRECT_OBJC_ISA_USAGE = YES_ERROR;
				CLANG_WARN_DOCUMENTATION_COMMENTS = YES;
				CLANG_WARN_EMPTY_BODY = YES;
				CLANG_WARN_ENUM_CONVERSION = YES;
				CLANG_WARN_INFINITE_RECURSION = YES;
				CLANG_WARN_INT_CONVERSION = YES;
				CLANG_WARN_NON_LITERAL_NULL_CONVERSION = YES;
				CLANG_WARN_OBJC_LITERAL_CONVERSION = YES;
				CLANG_WARN_OBJC_ROOT_CLASS = YES_ERROR;
				CLANG_WARN_RANGE_LOOP_ANALYSIS = YES;
				CLANG_WARN_STRICT_PROTOTYPES = YES;
				CLANG_WARN_SUSPICIOUS_MOVE = YES;
				CLANG_WARN_UNGUARDED_AVAILABILITY = YES_AGGRESSIVE;
				CLANG_WARN_UNREACHABLE_CODE = YES;
				CLANG_WARN__DUPLICATE_METHOD_MATCH = YES;
				CODE_SIGN_IDENTITY = "iPhone Developer";
				COPY_PHASE_STRIP = NO;
				DEBUG_INFORMATION_FORMAT = dwarf;
				ENABLE_STRICT_OBJC_MSGSEND = YES;
				ENABLE_TESTABILITY = YES;
				GCC_C_LANGUAGE_STANDARD = gnu11;
				GCC_DYNAMIC_NO_PIC = NO;
				GCC_NO_COMMON_BLOCKS = YES;
				GCC_OPTIMIZATION_LEVEL = 0;
				GCC_PREPROCESSOR_DEFINITIONS = (
					"DEBUG=1",
					"$(inherited)",
				);
				GCC_WARN_64_TO_32_BIT_CONVERSION = YES;
				GCC_WARN_ABOUT_RETURN_TYPE = YES_ERROR;
				GCC_WARN_UNDECLARED_SELECTOR = YES;
				GCC_WARN_UNINITIALIZED_AUTOS = YES_AGGRESSIVE;
				GCC_WARN_UNUSED_FUNCTION = YES;
				GCC_WARN_UNUSED_VARIABLE = YES;
				IPHONEOS_DEPLOYMENT_TARGET = 11.0;
				MTL_ENABLE_DEBUG_INFO = YES;
				ONLY_ACTIVE_ARCH = YES;
				SDKROOT = iphoneos;
				SWIFT_ACTIVE_COMPILATION_CONDITIONS = DEBUG;
				SWIFT_OPTIMIZATION_LEVEL = "-Onone";
			};
			name = Debug;
		};
		CAC4AFAF1F9593A9009B20C8 /* Release */ = {
			isa = XCBuildConfiguration;
			buildSettings = {
				ALWAYS_SEARCH_USER_PATHS = NO;
				CLANG_ANALYZER_NONNULL = YES;
				CLANG_ANALYZER_NUMBER_OBJECT_CONVERSION = YES_AGGRESSIVE;
				CLANG_CXX_LANGUAGE_STANDARD = "gnu++14";
				CLANG_CXX_LIBRARY = "libc++";
				CLANG_ENABLE_MODULES = YES;
				CLANG_ENABLE_OBJC_ARC = YES;
				CLANG_WARN_BLOCK_CAPTURE_AUTORELEASING = YES;
				CLANG_WARN_BOOL_CONVERSION = YES;
				CLANG_WARN_COMMA = YES;
				CLANG_WARN_CONSTANT_CONVERSION = YES;
				CLANG_WARN_DIRECT_OBJC_ISA_USAGE = YES_ERROR;
				CLANG_WARN_DOCUMENTATION_COMMENTS = YES;
				CLANG_WARN_EMPTY_BODY = YES;
				CLANG_WARN_ENUM_CONVERSION = YES;
				CLANG_WARN_INFINITE_RECURSION = YES;
				CLANG_WARN_INT_CONVERSION = YES;
				CLANG_WARN_NON_LITERAL_NULL_CONVERSION = YES;
				CLANG_WARN_OBJC_LITERAL_CONVERSION = YES;
				CLANG_WARN_OBJC_ROOT_CLASS = YES_ERROR;
				CLANG_WARN_RANGE_LOOP_ANALYSIS = YES;
				CLANG_WARN_STRICT_PROTOTYPES = YES;
				CLANG_WARN_SUSPICIOUS_MOVE = YES;
				CLANG_WARN_UNGUARDED_AVAILABILITY = YES_AGGRESSIVE;
				CLANG_WARN_UNREACHABLE_CODE = YES;
				CLANG_WARN__DUPLICATE_METHOD_MATCH = YES;
				CODE_SIGN_IDENTITY = "iPhone Developer";
				COPY_PHASE_STRIP = NO;
				DEBUG_INFORMATION_FORMAT = "dwarf-with-dsym";
				ENABLE_NS_ASSERTIONS = NO;
				ENABLE_STRICT_OBJC_MSGSEND = YES;
				GCC_C_LANGUAGE_STANDARD = gnu11;
				GCC_NO_COMMON_BLOCKS = YES;
				GCC_WARN_64_TO_32_BIT_CONVERSION = YES;
				GCC_WARN_ABOUT_RETURN_TYPE = YES_ERROR;
				GCC_WARN_UNDECLARED_SELECTOR = YES;
				GCC_WARN_UNINITIALIZED_AUTOS = YES_AGGRESSIVE;
				GCC_WARN_UNUSED_FUNCTION = YES;
				GCC_WARN_UNUSED_VARIABLE = YES;
				IPHONEOS_DEPLOYMENT_TARGET = 11.0;
				MTL_ENABLE_DEBUG_INFO = NO;
				SDKROOT = iphoneos;
				SWIFT_OPTIMIZATION_LEVEL = "-Owholemodule";
				VALIDATE_PRODUCT = YES;
			};
			name = Release;
		};
		CAC4AFB11F9593A9009B20C8 /* Debug */ = {
			isa = XCBuildConfiguration;
			buildSettings = {
				ASSETCATALOG_COMPILER_APPICON_NAME = AppIcon;
				CODE_SIGN_STYLE = Automatic;
				DEVELOPMENT_TEAM = G3KGQDJHJS;
				INFOPLIST_FILE = BetterButtonDemo/Info.plist;
				LD_RUNPATH_SEARCH_PATHS = "$(inherited) @executable_path/Frameworks";
				PRODUCT_BUNDLE_IDENTIFIER = bd.BetterButtonDemo;
				PRODUCT_NAME = "$(TARGET_NAME)";
				SWIFT_VERSION = 4.0;
				TARGETED_DEVICE_FAMILY = "1,2";
			};
			name = Debug;
		};
		CAC4AFB21F9593A9009B20C8 /* Release */ = {
			isa = XCBuildConfiguration;
			buildSettings = {
				ASSETCATALOG_COMPILER_APPICON_NAME = AppIcon;
				CODE_SIGN_STYLE = Automatic;
				DEVELOPMENT_TEAM = G3KGQDJHJS;
				INFOPLIST_FILE = BetterButtonDemo/Info.plist;
				LD_RUNPATH_SEARCH_PATHS = "$(inherited) @executable_path/Frameworks";
				PRODUCT_BUNDLE_IDENTIFIER = bd.BetterButtonDemo;
				PRODUCT_NAME = "$(TARGET_NAME)";
				SWIFT_VERSION = 4.0;
				TARGETED_DEVICE_FAMILY = "1,2";
			};
			name = Release;
		};
/* End XCBuildConfiguration section */

/* Begin XCConfigurationList section */
		CAC4AF991F9593A9009B20C8 /* Build configuration list for PBXProject "BetterButtonDemo" */ = {
			isa = XCConfigurationList;
			buildConfigurations = (
				CAC4AFAE1F9593A9009B20C8 /* Debug */,
				CAC4AFAF1F9593A9009B20C8 /* Release */,
			);
			defaultConfigurationIsVisible = 0;
			defaultConfigurationName = Release;
		};
		CAC4AFB01F9593A9009B20C8 /* Build configuration list for PBXNativeTarget "BetterButtonDemo" */ = {
			isa = XCConfigurationList;
			buildConfigurations = (
				CAC4AFB11F9593A9009B20C8 /* Debug */,
				CAC4AFB21F9593A9009B20C8 /* Release */,
			);
			defaultConfigurationIsVisible = 0;
			defaultConfigurationName = Release;
		};
/* End XCConfigurationList section */
	};
	rootObject = CAC4AF961F9593A9009B20C8 /* Project object */;
}
